
Microsoft Visual Studio Solution File, Format Version 12.00
# Visual Studio 14
VisualStudioVersion = 14.0.25420.1
MinimumVisualStudioVersion = 10.0.40219.1
Project("{FAE04EC0-301F-11D3-BF4B-00C04F79EFBC}") = "MediaPluginSample", "MediaPluginSample\MediaPluginSample\MediaPluginSample.csproj", "{FD1E7A5C-CDF1-48C2-A844-21B20B158287}"
EndProject
Project("{FAE04EC0-301F-11D3-BF4B-00C04F79EFBC}") = "MediaPluginSample.Droid", "MediaPluginSample\MediaPluginSample.Droid\MediaPluginSample.Droid.csproj", "{CBE732BA-0EB6-4510-B794-5242526B6409}"
EndProject
Global
	GlobalSection(SolutionConfigurationPlatforms) = preSolution
		Ad-Hoc|Any CPU = Ad-Hoc|Any CPU
		Ad-Hoc|ARM = Ad-Hoc|ARM
		Ad-Hoc|iPhone = Ad-Hoc|iPhone
		Ad-Hoc|iPhoneSimulator = Ad-Hoc|iPhoneSimulator
		Ad-Hoc|x64 = Ad-Hoc|x64
		Ad-Hoc|x86 = Ad-Hoc|x86
		AppStore|Any CPU = AppStore|Any CPU
		AppStore|ARM = AppStore|ARM
		AppStore|iPhone = AppStore|iPhone
		AppStore|iPhoneSimulator = AppStore|iPhoneSimulator
		AppStore|x64 = AppStore|x64
		AppStore|x86 = AppStore|x86
		Debug|Any CPU = Debug|Any CPU
		Debug|ARM = Debug|ARM
		Debug|iPhone = Debug|iPhone
		Debug|iPhoneSimulator = Debug|iPhoneSimulator
		Debug|x64 = Debug|x64
		Debug|x86 = Debug|x86
		Release|Any CPU = Release|Any CPU
		Release|ARM = Release|ARM
		Release|iPhone = Release|iPhone
		Release|iPhoneSimulator = Release|iPhoneSimulator
		Release|x64 = Release|x64
		Release|x86 = Release|x86
	EndGlobalSection
	GlobalSection(ProjectConfigurationPlatforms) = postSolution
		{FD1E7A5C-CDF1-48C2-A844-21B20B158287}.Ad-Hoc|Any CPU.ActiveCfg = Release|Any CPU
		{FD1E7A5C-CDF1-48C2-A844-21B20B158287}.Ad-Hoc|Any CPU.Build.0 = Release|Any CPU
		{FD1E7A5C-CDF1-48C2-A844-21B20B158287}.Ad-Hoc|ARM.ActiveCfg = Release|Any CPU
		{FD1E7A5C-CDF1-48C2-A844-21B20B158287}.Ad-Hoc|ARM.Build.0 = Release|Any CPU
		{FD1E7A5C-CDF1-48C2-A844-21B20B158287}.Ad-Hoc|iPhone.ActiveCfg = Release|Any CPU
		{FD1E7A5C-CDF1-48C2-A844-21B20B158287}.Ad-Hoc|iPhone.Build.0 = Release|Any CPU
		{FD1E7A5C-CDF1-48C2-A844-21B20B158287}.Ad-Hoc|iPhoneSimulator.ActiveCfg = Release|Any CPU
		{FD1E7A5C-CDF1-48C2-A844-21B20B158287}.Ad-Hoc|iPhoneSimulator.Build.0 = Release|Any CPU
		{FD1E7A5C-CDF1-48C2-A844-21B20B158287}.Ad-Hoc|x64.ActiveCfg = Release|Any CPU
		{FD1E7A5C-CDF1-48C2-A844-21B20B158287}.Ad-Hoc|x64.Build.0 = Release|Any CPU
		{FD1E7A5C-CDF1-48C2-A844-21B20B158287}.Ad-Hoc|x86.ActiveCfg = Release|Any CPU
		{FD1E7A5C-CDF1-48C2-A844-21B20B158287}.Ad-Hoc|x86.Build.0 = Release|Any CPU
		{FD1E7A5C-CDF1-48C2-A844-21B20B158287}.AppStore|Any CPU.ActiveCfg = Release|Any CPU
		{FD1E7A5C-CDF1-48C2-A844-21B20B158287}.AppStore|Any CPU.Build.0 = Release|Any CPU
		{FD1E7A5C-CDF1-48C2-A844-21B20B158287}.AppStore|ARM.ActiveCfg = Release|Any CPU
		{FD1E7A5C-CDF1-48C2-A844-21B20B158287}.AppStore|ARM.Build.0 = Release|Any CPU
		{FD1E7A5C-CDF1-48C2-A844-21B20B158287}.AppStore|iPhone.ActiveCfg = Release|Any CPU
		{FD1E7A5C-CDF1-48C2-A844-21B20B158287}.AppStore|iPhone.Build.0 = Release|Any CPU
		{FD1E7A5C-CDF1-48C2-A844-21B20B158287}.AppStore|iPhoneSimulator.ActiveCfg = Release|Any CPU
		{FD1E7A5C-CDF1-48C2-A844-21B20B158287}.AppStore|iPhoneSimulator.Build.0 = Release|Any CPU
		{FD1E7A5C-CDF1-48C2-A844-21B20B158287}.AppStore|x64.ActiveCfg = Release|Any CPU
		{FD1E7A5C-CDF1-48C2-A844-21B20B158287}.AppStore|x64.Build.0 = Release|Any CPU
		{FD1E7A5C-CDF1-48C2-A844-21B20B158287}.AppStore|x86.ActiveCfg = Release|Any CPU
		{FD1E7A5C-CDF1-48C2-A844-21B20B158287}.AppStore|x86.Build.0 = Release|Any CPU
		{FD1E7A5C-CDF1-48C2-A844-21B20B158287}.Debug|Any CPU.ActiveCfg = Debug|Any CPU
		{FD1E7A5C-CDF1-48C2-A844-21B20B158287}.Debug|Any CPU.Build.0 = Debug|Any CPU
		{FD1E7A5C-CDF1-48C2-A844-21B20B158287}.Debug|ARM.ActiveCfg = Debug|Any CPU
		{FD1E7A5C-CDF1-48C2-A844-21B20B158287}.Debug|ARM.Build.0 = Debug|Any CPU
		{FD1E7A5C-CDF1-48C2-A844-21B20B158287}.Debug|iPhone.ActiveCfg = Debug|Any CPU
		{FD1E7A5C-CDF1-48C2-A844-21B20B158287}.Debug|iPhone.Build.0 = Debug|Any CPU
		{FD1E7A5C-CDF1-48C2-A844-21B20B158287}.Debug|iPhoneSimulator.ActiveCfg = Debug|Any CPU
		{FD1E7A5C-CDF1-48C2-A844-21B20B158287}.Debug|iPhoneSimulator.Build.0 = Debug|Any CPU
		{FD1E7A5C-CDF1-48C2-A844-21B20B158287}.Debug|x64.ActiveCfg = Debug|Any CPU
		{FD1E7A5C-CDF1-48C2-A844-21B20B158287}.Debug|x64.Build.0 = Debug|Any CPU
		{FD1E7A5C-CDF1-48C2-A844-21B20B158287}.Debug|x86.ActiveCfg = Debug|Any CPU
		{FD1E7A5C-CDF1-48C2-A844-21B20B158287}.Debug|x86.Build.0 = Debug|Any CPU
		{FD1E7A5C-CDF1-48C2-A844-21B20B158287}.Release|Any CPU.ActiveCfg = Release|Any CPU
		{FD1E7A5C-CDF1-48C2-A844-21B20B158287}.Release|Any CPU.Build.0 = Release|Any CPU
		{FD1E7A5C-CDF1-48C2-A844-21B20B158287}.Release|ARM.ActiveCfg = Release|Any CPU
		{FD1E7A5C-CDF1-48C2-A844-21B20B158287}.Release|ARM.Build.0 = Release|Any CPU
		{FD1E7A5C-CDF1-48C2-A844-21B20B158287}.Release|iPhone.ActiveCfg = Release|Any CPU
		{FD1E7A5C-CDF1-48C2-A844-21B20B158287}.Release|iPhone.Build.0 = Release|Any CPU
		{FD1E7A5C-CDF1-48C2-A844-21B20B158287}.Release|iPhoneSimulator.ActiveCfg = Release|Any CPU
		{FD1E7A5C-CDF1-48C2-A844-21B20B158287}.Release|iPhoneSimulator.Build.0 = Release|Any CPU
		{FD1E7A5C-CDF1-48C2-A844-21B20B158287}.Release|x64.ActiveCfg = Release|Any CPU
		{FD1E7A5C-CDF1-48C2-A844-21B20B158287}.Release|x64.Build.0 = Release|Any CPU
		{FD1E7A5C-CDF1-48C2-A844-21B20B158287}.Release|x86.ActiveCfg = Release|Any CPU
		{FD1E7A5C-CDF1-48C2-A844-21B20B158287}.Release|x86.Build.0 = Release|Any CPU
		{CBE732BA-0EB6-4510-B794-5242526B6409}.Ad-Hoc|Any CPU.ActiveCfg = Release|Any CPU
		{CBE732BA-0EB6-4510-B794-5242526B6409}.Ad-Hoc|Any CPU.Build.0 = Release|Any CPU
		{CBE732BA-0EB6-4510-B794-5242526B6409}.Ad-Hoc|Any CPU.Deploy.0 = Release|Any CPU
		{CBE732BA-0EB6-4510-B794-5242526B6409}.Ad-Hoc|ARM.ActiveCfg = Release|Any CPU
		{CBE732BA-0EB6-4510-B794-5242526B6409}.Ad-Hoc|ARM.Build.0 = Release|Any CPU
		{CBE732BA-0EB6-4510-B794-5242526B6409}.Ad-Hoc|ARM.Deploy.0 = Release|Any CPU
		{CBE732BA-0EB6-4510-B794-5242526B6409}.Ad-Hoc|iPhone.ActiveCfg = Release|Any CPU
		{CBE732BA-0EB6-4510-B794-5242526B6409}.Ad-Hoc|iPhone.Build.0 = Release|Any CPU
		{CBE732BA-0EB6-4510-B794-5242526B6409}.Ad-Hoc|iPhone.Deploy.0 = Release|Any CPU
		{CBE732BA-0EB6-4510-B794-5242526B6409}.Ad-Hoc|iPhoneSimulator.ActiveCfg = Release|Any CPU
		{CBE732BA-0EB6-4510-B794-5242526B6409}.Ad-Hoc|iPhoneSimulator.Build.0 = Release|Any CPU
		{CBE732BA-0EB6-4510-B794-5242526B6409}.Ad-Hoc|iPhoneSimulator.Deploy.0 = Release|Any CPU
		{CBE732BA-0EB6-4510-B794-5242526B6409}.Ad-Hoc|x64.ActiveCfg = Release|Any CPU
		{CBE732BA-0EB6-4510-B794-5242526B6409}.Ad-Hoc|x64.Build.0 = Release|Any CPU
		{CBE732BA-0EB6-4510-B794-5242526B6409}.Ad-Hoc|x64.Deploy.0 = Release|Any CPU
		{CBE732BA-0EB6-4510-B794-5242526B6409}.Ad-Hoc|x86.ActiveCfg = Release|Any CPU
		{CBE732BA-0EB6-4510-B794-5242526B6409}.Ad-Hoc|x86.Build.0 = Release|Any CPU
		{CBE732BA-0EB6-4510-B794-5242526B6409}.Ad-Hoc|x86.Deploy.0 = Release|Any CPU
		{CBE732BA-0EB6-4510-B794-5242526B6409}.AppStore|Any CPU.ActiveCfg = Release|Any CPU
		{CBE732BA-0EB6-4510-B794-5242526B6409}.AppStore|Any CPU.Build.0 = Release|Any CPU
		{CBE732BA-0EB6-4510-B794-5242526B6409}.AppStore|Any CPU.Deploy.0 = Release|Any CPU
		{CBE732BA-0EB6-4510-B794-5242526B6409}.AppStore|ARM.ActiveCfg = Release|Any CPU
		{CBE732BA-0EB6-4510-B794-5242526B6409}.AppStore|ARM.Build.0 = Release|Any CPU
		{CBE732BA-0EB6-4510-B794-5242526B6409}.AppStore|ARM.Deploy.0 = Release|Any CPU
		{CBE732BA-0EB6-4510-B794-5242526B6409}.AppStore|iPhone.ActiveCfg = Release|Any CPU
		{CBE732BA-0EB6-4510-B794-5242526B6409}.AppStore|iPhone.Build.0 = Release|Any CPU
		{CBE732BA-0EB6-4510-B794-5242526B6409}.AppStore|iPhone.Deploy.0 = Release|Any CPU
		{CBE732BA-0EB6-4510-B794-5242526B6409}.AppStore|iPhoneSimulator.ActiveCfg = Release|Any CPU
		{CBE732BA-0EB6-4510-B794-5242526B6409}.AppStore|iPhoneSimulator.Build.0 = Release|Any CPU
		{CBE732BA-0EB6-4510-B794-5242526B6409}.AppStore|iPhoneSimulator.Deploy.0 = Release|Any CPU
		{CBE732BA-0EB6-4510-B794-5242526B6409}.AppStore|x64.ActiveCfg = Release|Any CPU
		{CBE732BA-0EB6-4510-B794-5242526B6409}.AppStore|x64.Build.0 = Release|Any CPU
		{CBE732BA-0EB6-4510-B794-5242526B6409}.AppStore|x64.Deploy.0 = Release|Any CPU
		{CBE732BA-0EB6-4510-B794-5242526B6409}.AppStore|x86.ActiveCfg = Release|Any CPU
		{CBE732BA-0EB6-4510-B794-5242526B6409}.AppStore|x86.Build.0 = Release|Any CPU
		{CBE732BA-0EB6-4510-B794-5242526B6409}.AppStore|x86.Deploy.0 = Release|Any CPU
		{CBE732BA-0EB6-4510-B794-5242526B6409}.Debug|Any CPU.ActiveCfg = Debug|Any CPU
		{CBE732BA-0EB6-4510-B794-5242526B6409}.Debug|Any CPU.Build.0 = Debug|Any CPU
		{CBE732BA-0EB6-4510-B794-5242526B6409}.Debug|Any CPU.Deploy.0 = Debug|Any CPU
		{CBE732BA-0EB6-4510-B794-5242526B6409}.Debug|ARM.ActiveCfg = Debug|Any CPU
		{CBE732BA-0EB6-4510-B794-5242526B6409}.Debug|ARM.Build.0 = Debug|Any CPU
		{CBE732BA-0EB6-4510-B794-5242526B6409}.Debug|ARM.Deploy.0 = Debug|Any CPU
		{CBE732BA-0EB6-4510-B794-5242526B6409}.Debug|iPhone.ActiveCfg = Debug|Any CPU
		{CBE732BA-0EB6-4510-B794-5242526B6409}.Debug|iPhone.Build.0 = Debug|Any CPU
		{CBE732BA-0EB6-4510-B794-5242526B6409}.Debug|iPhone.Deploy.0 = Debug|Any CPU
		{CBE732BA-0EB6-4510-B794-5242526B6409}.Debug|iPhoneSimulator.ActiveCfg = Debug|Any CPU
		{CBE732BA-0EB6-4510-B794-5242526B6409}.Debug|iPhoneSimulator.Build.0 = Debug|Any CPU
		{CBE732BA-0EB6-4510-B794-5242526B6409}.Debug|iPhoneSimulator.Deploy.0 = Debug|Any CPU
		{CBE732BA-0EB6-4510-B794-5242526B6409}.Debug|x64.ActiveCfg = Debug|Any CPU
		{CBE732BA-0EB6-4510-B794-5242526B6409}.Debug|x64.Build.0 = Debug|Any CPU
		{CBE732BA-0EB6-4510-B794-5242526B6409}.Debug|x64.Deploy.0 = Debug|Any CPU
		{CBE732BA-0EB6-4510-B794-5242526B6409}.Debug|x86.ActiveCfg = Debug|Any CPU
		{CBE732BA-0EB6-4510-B794-5242526B6409}.Debug|x86.Build.0 = Debug|Any CPU
		{CBE732BA-0EB6-4510-B794-5242526B6409}.Debug|x86.Deploy.0 = Debug|Any CPU
		{CBE732BA-0EB6-4510-B794-5242526B6409}.Release|Any CPU.ActiveCfg = Release|Any CPU
		{CBE732BA-0EB6-4510-B794-5242526B6409}.Release|Any CPU.Build.0 = Release|Any CPU
		{CBE732BA-0EB6-4510-B794-5242526B6409}.Release|Any CPU.Deploy.0 = Release|Any CPU
		{CBE732BA-0EB6-4510-B794-5242526B6409}.Release|ARM.ActiveCfg = Release|Any CPU
		{CBE732BA-0EB6-4510-B794-5242526B6409}.Release|ARM.Build.0 = Release|Any CPU
		{CBE732BA-0EB6-4510-B794-5242526B6409}.Release|ARM.Deploy.0 = Release|Any CPU
		{CBE732BA-0EB6-4510-B794-5242526B6409}.Release|iPhone.ActiveCfg = Release|Any CPU
		{CBE732BA-0EB6-4510-B794-5242526B6409}.Release|iPhone.Build.0 = Release|Any CPU
		{CBE732BA-0EB6-4510-B794-5242526B6409}.Release|iPhone.Deploy.0 = Release|Any CPU
		{CBE732BA-0EB6-4510-B794-5242526B6409}.Release|iPhoneSimulator.ActiveCfg = Release|Any CPU
		{CBE732BA-0EB6-4510-B794-5242526B6409}.Release|iPhoneSimulator.Build.0 = Release|Any CPU
		{CBE732BA-0EB6-4510-B794-5242526B6409}.Release|iPhoneSimulator.Deploy.0 = Release|Any CPU
		{CBE732BA-0EB6-4510-B794-5242526B6409}.Release|x64.ActiveCfg = Release|Any CPU
		{CBE732BA-0EB6-4510-B794-5242526B6409}.Release|x64.Build.0 = Release|Any CPU
		{CBE732BA-0EB6-4510-B794-5242526B6409}.Release|x64.Deploy.0 = Release|Any CPU
		{CBE732BA-0EB6-4510-B794-5242526B6409}.Release|x86.ActiveCfg = Release|Any CPU
		{CBE732BA-0EB6-4510-B794-5242526B6409}.Release|x86.Build.0 = Release|Any CPU
		{CBE732BA-0EB6-4510-B794-5242526B6409}.Release|x86.Deploy.0 = Release|Any CPU
	EndGlobalSection
	GlobalSection(SolutionProperties) = preSolution
		HideSolutionNode = FALSE
	EndGlobalSection
EndGlobal
